
Microsoft Visual Studio Solution File, Format Version 12.00
# Visual Studio Version 17
VisualStudioVersion = 17.5.002.0
MinimumVisualStudioVersion = 10.0.40219.1
Project("{9A19103F-16F7-4668-BE54-9A1E7A4F7556}") = "evaluate-boolean-binary-tree", "evaluate-boolean-binary-tree\evaluate-boolean-binary-tree.csproj", "{C67D9C0A-DBC4-49D0-BA6B-EEDF8C41DBA9}"
EndProject
Global
	GlobalSection(SolutionConfigurationPlatforms) = preSolution
		Debug|Any CPU = Debug|Any CPU
		Release|Any CPU = Release|Any CPU
	EndGlobalSection
	GlobalSection(ProjectConfigurationPlatforms) = postSolution
		{C67D9C0A-DBC4-49D0-BA6B-EEDF8C41DBA9}.Debug|Any CPU.ActiveCfg = Debug|Any CPU
		{C67D9C0A-DBC4-49D0-BA6B-EEDF8C41DBA9}.Debug|Any CPU.Build.0 = Debug|Any CPU
		{C67D9C0A-DBC4-49D0-BA6B-EEDF8C41DBA9}.Release|Any CPU.ActiveCfg = Release|Any CPU
		{C67D9C0A-DBC4-49D0-BA6B-EEDF8C41DBA9}.Release|Any CPU.Build.0 = Release|Any CPU
	EndGlobalSection
	GlobalSection(SolutionProperties) = preSolution
		HideSolutionNode = FALSE
	EndGlobalSection
	GlobalSection(ExtensibilityGlobals) = postSolution
		SolutionGuid = {662F94D9-ACCB-4EB7-87E1-0466F6E0E491}
	EndGlobalSection
EndGlobal
